{
  "requires": true,
  "lockfileVersion": 1,
  "dependencies": {
    "@remix-run/router": {
      "version": "1.21.0",
      "resolved": "https://registry.npmjs.org/@remix-run/router/-/router-1.21.0.tgz",
      "integrity": "sha512-xfSkCAchbdG5PnbrKqFWwia4Bi61nH+wm8wLEqfHDyp7Y3dZzgqS2itV8i4gAq9pC2HsTpwyBC6Ds8VHZ96JlA=="
    },
    "assemblyai": {
      "version": "4.8.0",
      "resolved": "https://registry.npmjs.org/assemblyai/-/assemblyai-4.8.0.tgz",
      "integrity": "sha512-TRIcthDBdJ+lj1ohLa516Kr/BO2AQn+IhBBl/eeomZGZym90aEC6qirc337hEPUxmmINSJ8XTSY4xwy51HmDGA==",
      "requires": {
        "ws": "^8.18.0"
      }
    },
    "react-router": {
      "version": "6.28.0",
      "resolved": "https://registry.npmjs.org/react-router/-/react-router-6.28.0.tgz",
      "integrity": "sha512-HrYdIFqdrnhDw0PqG/AKjAqEqM7AvxCz0DQ4h2W8k6nqmc5uRBYDag0SBxx9iYz5G8gnuNVLzUe13wl9eAsXXg==",
      "requires": {
        "@remix-run/router": "1.21.0"
      }
    },
    "react-router-dom": {
      "version": "6.28.0",
      "resolved": "https://registry.npmjs.org/react-router-dom/-/react-router-dom-6.28.0.tgz",
      "integrity": "sha512-kQ7Unsl5YdyOltsPGl31zOjLrDv+m2VcIEcIHqYYD3Lp0UppLjrzcfJqDJwXxFw3TH/yvapbnUvPlAj7Kx5nbg==",
      "requires": {
        "@remix-run/router": "1.21.0",
        "react-router": "6.28.0"
      }
    },
    "ws": {
      "version": "8.18.0",
      "resolved": "https://registry.npmjs.org/ws/-/ws-8.18.0.tgz",
      "integrity": "sha512-8VbfWfHLbbwu3+N6OKsOMpBdT4kXPDDB9cJk2bJ6mh9ucxdlnNvH1e+roYkKmN9Nxw2yjz7VzeO9oOz2zJ04Pw=="
    }
  }
}
